
Microsoft Visual Studio Solution File, Format Version 12.00
# Visual Studio Version 17
VisualStudioVersion = 17.3.32901.215
MinimumVisualStudioVersion = 10.0.40219.1
Project("{FAE04EC0-301F-11D3-BF4B-00C04F79EFBC}") = "PE22B_MAv2", "PE22B_MAv2.csproj", "{6B3509A6-5AE4-4995-8088-709D84A40DE4}"
EndProject
Global
	GlobalSection(SolutionConfigurationPlatforms) = preSolution
		Debug|Any CPU = Debug|Any CPU
		Release|Any CPU = Release|Any CPU
	EndGlobalSection
	GlobalSection(ProjectConfigurationPlatforms) = postSolution
		{6B3509A6-5AE4-4995-8088-709D84A40DE4}.Debug|Any CPU.ActiveCfg = Debug|Any CPU
		{6B3509A6-5AE4-4995-8088-709D84A40DE4}.Debug|Any CPU.Build.0 = Debug|Any CPU
		{6B3509A6-5AE4-4995-8088-709D84A40DE4}.Release|Any CPU.ActiveCfg = Release|Any CPU
		{6B3509A6-5AE4-4995-8088-709D84A40DE4}.Release|Any CPU.Build.0 = Release|Any CPU
	EndGlobalSection
	GlobalSection(SolutionProperties) = preSolution
		HideSolutionNode = FALSE
	EndGlobalSection
	GlobalSection(ExtensibilityGlobals) = postSolution
		SolutionGuid = {E47DA0B7-736C-4550-8B2B-8867608494F7}
	EndGlobalSection
EndGlobal
